
Microsoft Visual Studio Solution File, Format Version 12.00
# Visual Studio Version 17
VisualStudioVersion = 17.5.33530.505
MinimumVisualStudioVersion = 10.0.40219.1
Project("{9A19103F-16F7-4668-BE54-9A1E7A4F7556}") = "NC.WebApi", "NC.WebApi\NC.WebApi.csproj", "{1CCE4510-547A-4D4C-9D2C-2CDDD4A8106C}"
EndProject
Project("{2150E333-8FDC-42A3-9474-1A3956D46DE8}") = "01.NC.WebApi", "01.NC.WebApi", "{3F509164-1F98-43BC-97A7-2F87AF95B3D8}"
EndProject
Project("{2150E333-8FDC-42A3-9474-1A3956D46DE8}") = "02.NC.Manager", "02.NC.Manager", "{4605A7B7-D673-4207-A3E6-8A4B7E8628E5}"
EndProject
Project("{2150E333-8FDC-42A3-9474-1A3956D46DE8}") = "03.NC.Data", "03.NC.Data", "{361FF126-970C-4A89-8C53-564DA31FC8A4}"
EndProject
Project("{2150E333-8FDC-42A3-9474-1A3956D46DE8}") = "04.NC.Core", "04.NC.Core", "{22F161AE-49A6-434D-9E76-702A254A479D}"
EndProject
Project("{2150E333-8FDC-42A3-9474-1A3956D46DE8}") = "05.NC.Tests", "05.NC.Tests", "{76A46730-05A3-4661-A388-1C35EEA54FD2}"
EndProject
Project("{9A19103F-16F7-4668-BE54-9A1E7A4F7556}") = "NC.Manager", "NC.Manager\NC.Manager.csproj", "{4591E174-462F-4C45-A201-29AE9135CDBC}"
EndProject
Project("{9A19103F-16F7-4668-BE54-9A1E7A4F7556}") = "NC.Data", "NC.Data\NC.Data.csproj", "{F427F4EB-2D5C-48DF-987F-A6F70F4A6AC9}"
EndProject
Project("{9A19103F-16F7-4668-BE54-9A1E7A4F7556}") = "NC.Core", "NC.Core\NC.Core.csproj", "{E7921875-AB0E-41AE-B4FD-84F8B1D274E7}"
EndProject
Project("{9A19103F-16F7-4668-BE54-9A1E7A4F7556}") = "NC.Tests", "NC.Tests\NC.Tests.csproj", "{6CEFED83-F98A-4B46-8EB6-7E278381FC28}"
EndProject
Project("{FAE04EC0-301F-11D3-BF4B-00C04F79EFBC}") = "NC.Core.Shared", "NC.Core.Shared\NC.Core.Shared.csproj", "{C8E3F05D-B6F9-43D0-B04E-5662FF3E0655}"
EndProject
Global
	GlobalSection(SolutionConfigurationPlatforms) = preSolution
		Debug|Any CPU = Debug|Any CPU
		Release|Any CPU = Release|Any CPU
	EndGlobalSection
	GlobalSection(ProjectConfigurationPlatforms) = postSolution
		{1CCE4510-547A-4D4C-9D2C-2CDDD4A8106C}.Debug|Any CPU.ActiveCfg = Debug|Any CPU
		{1CCE4510-547A-4D4C-9D2C-2CDDD4A8106C}.Debug|Any CPU.Build.0 = Debug|Any CPU
		{1CCE4510-547A-4D4C-9D2C-2CDDD4A8106C}.Release|Any CPU.ActiveCfg = Release|Any CPU
		{1CCE4510-547A-4D4C-9D2C-2CDDD4A8106C}.Release|Any CPU.Build.0 = Release|Any CPU
		{4591E174-462F-4C45-A201-29AE9135CDBC}.Debug|Any CPU.ActiveCfg = Debug|Any CPU
		{4591E174-462F-4C45-A201-29AE9135CDBC}.Debug|Any CPU.Build.0 = Debug|Any CPU
		{4591E174-462F-4C45-A201-29AE9135CDBC}.Release|Any CPU.ActiveCfg = Release|Any CPU
		{4591E174-462F-4C45-A201-29AE9135CDBC}.Release|Any CPU.Build.0 = Release|Any CPU
		{F427F4EB-2D5C-48DF-987F-A6F70F4A6AC9}.Debug|Any CPU.ActiveCfg = Debug|Any CPU
		{F427F4EB-2D5C-48DF-987F-A6F70F4A6AC9}.Debug|Any CPU.Build.0 = Debug|Any CPU
		{F427F4EB-2D5C-48DF-987F-A6F70F4A6AC9}.Release|Any CPU.ActiveCfg = Release|Any CPU
		{F427F4EB-2D5C-48DF-987F-A6F70F4A6AC9}.Release|Any CPU.Build.0 = Release|Any CPU
		{E7921875-AB0E-41AE-B4FD-84F8B1D274E7}.Debug|Any CPU.ActiveCfg = Debug|Any CPU
		{E7921875-AB0E-41AE-B4FD-84F8B1D274E7}.Debug|Any CPU.Build.0 = Debug|Any CPU
		{E7921875-AB0E-41AE-B4FD-84F8B1D274E7}.Release|Any CPU.ActiveCfg = Release|Any CPU
		{E7921875-AB0E-41AE-B4FD-84F8B1D274E7}.Release|Any CPU.Build.0 = Release|Any CPU
		{6CEFED83-F98A-4B46-8EB6-7E278381FC28}.Debug|Any CPU.ActiveCfg = Debug|Any CPU
		{6CEFED83-F98A-4B46-8EB6-7E278381FC28}.Debug|Any CPU.Build.0 = Debug|Any CPU
		{6CEFED83-F98A-4B46-8EB6-7E278381FC28}.Release|Any CPU.ActiveCfg = Release|Any CPU
		{6CEFED83-F98A-4B46-8EB6-7E278381FC28}.Release|Any CPU.Build.0 = Release|Any CPU
		{C8E3F05D-B6F9-43D0-B04E-5662FF3E0655}.Debug|Any CPU.ActiveCfg = Debug|Any CPU
		{C8E3F05D-B6F9-43D0-B04E-5662FF3E0655}.Debug|Any CPU.Build.0 = Debug|Any CPU
		{C8E3F05D-B6F9-43D0-B04E-5662FF3E0655}.Release|Any CPU.ActiveCfg = Release|Any CPU
		{C8E3F05D-B6F9-43D0-B04E-5662FF3E0655}.Release|Any CPU.Build.0 = Release|Any CPU
	EndGlobalSection
	GlobalSection(SolutionProperties) = preSolution
		HideSolutionNode = FALSE
	EndGlobalSection
	GlobalSection(NestedProjects) = preSolution
		{1CCE4510-547A-4D4C-9D2C-2CDDD4A8106C} = {3F509164-1F98-43BC-97A7-2F87AF95B3D8}
		{4591E174-462F-4C45-A201-29AE9135CDBC} = {4605A7B7-D673-4207-A3E6-8A4B7E8628E5}
		{F427F4EB-2D5C-48DF-987F-A6F70F4A6AC9} = {361FF126-970C-4A89-8C53-564DA31FC8A4}
		{E7921875-AB0E-41AE-B4FD-84F8B1D274E7} = {22F161AE-49A6-434D-9E76-702A254A479D}
		{6CEFED83-F98A-4B46-8EB6-7E278381FC28} = {76A46730-05A3-4661-A388-1C35EEA54FD2}
		{C8E3F05D-B6F9-43D0-B04E-5662FF3E0655} = {22F161AE-49A6-434D-9E76-702A254A479D}
	EndGlobalSection
	GlobalSection(ExtensibilityGlobals) = postSolution
		SolutionGuid = {339A49CF-5695-4913-AA03-4562ACD4C663}
	EndGlobalSection
EndGlobal
